
Microsoft Visual Studio Solution File, Format Version 12.00
# Visual Studio Version 17
VisualStudioVersion = 17.0.31903.59
MinimumVisualStudioVersion = 10.0.40219.1
Project("{2150E333-8FDC-42A3-9474-1A3956D46DE8}") = "src", "src", "{38E3A01B-29B2-4F57-882A-A729702E7D9C}"
EndProject
Project("{FAE04EC0-301F-11D3-BF4B-00C04F79EFBC}") = "OoLunar.AsyncEvents", "src\OoLunar.AsyncEvents\OoLunar.AsyncEvents.csproj", "{F7DBC331-61BD-4B7E-9D07-8857C7370DFF}"
EndProject
Project("{FAE04EC0-301F-11D3-BF4B-00C04F79EFBC}") = "OoLunar.Benchmarks", "benchmarks\OoLunar.Benchmarks.csproj", "{2604E7AB-A6FD-48C9-9969-AC043FE10F05}"
EndProject
Project("{FAE04EC0-301F-11D3-BF4B-00C04F79EFBC}") = "OoLunar.AsyncEvents.Tests", "tests\OoLunar.AsyncEvents.Tests.csproj", "{F1F4AD3E-C082-4722-B7AD-BFE4A99C02B8}"
EndProject
Global
	GlobalSection(SolutionConfigurationPlatforms) = preSolution
		Debug|Any CPU = Debug|Any CPU
		Release|Any CPU = Release|Any CPU
	EndGlobalSection
	GlobalSection(SolutionProperties) = preSolution
		HideSolutionNode = FALSE
	EndGlobalSection
	GlobalSection(ProjectConfigurationPlatforms) = postSolution
		{F7DBC331-61BD-4B7E-9D07-8857C7370DFF}.Debug|Any CPU.ActiveCfg = Debug|Any CPU
		{F7DBC331-61BD-4B7E-9D07-8857C7370DFF}.Debug|Any CPU.Build.0 = Debug|Any CPU
		{F7DBC331-61BD-4B7E-9D07-8857C7370DFF}.Release|Any CPU.ActiveCfg = Release|Any CPU
		{F7DBC331-61BD-4B7E-9D07-8857C7370DFF}.Release|Any CPU.Build.0 = Release|Any CPU
		{2604E7AB-A6FD-48C9-9969-AC043FE10F05}.Debug|Any CPU.ActiveCfg = Debug|Any CPU
		{2604E7AB-A6FD-48C9-9969-AC043FE10F05}.Debug|Any CPU.Build.0 = Debug|Any CPU
		{2604E7AB-A6FD-48C9-9969-AC043FE10F05}.Release|Any CPU.ActiveCfg = Release|Any CPU
		{2604E7AB-A6FD-48C9-9969-AC043FE10F05}.Release|Any CPU.Build.0 = Release|Any CPU
		{F1F4AD3E-C082-4722-B7AD-BFE4A99C02B8}.Debug|Any CPU.ActiveCfg = Debug|Any CPU
		{F1F4AD3E-C082-4722-B7AD-BFE4A99C02B8}.Debug|Any CPU.Build.0 = Debug|Any CPU
		{F1F4AD3E-C082-4722-B7AD-BFE4A99C02B8}.Release|Any CPU.ActiveCfg = Release|Any CPU
		{F1F4AD3E-C082-4722-B7AD-BFE4A99C02B8}.Release|Any CPU.Build.0 = Release|Any CPU
	EndGlobalSection
	GlobalSection(NestedProjects) = preSolution
		{F7DBC331-61BD-4B7E-9D07-8857C7370DFF} = {38E3A01B-29B2-4F57-882A-A729702E7D9C}
	EndGlobalSection
EndGlobal
